{"1.2.0",
[{<<"backoff">>,{pkg,<<"backoff">>,<<"1.1.6">>},2},
 {<<"cowboy">>,{pkg,<<"cowboy">>,<<"2.15.0">>},1},
 {<<"cowlib">>,{pkg,<<"cowlib">>,<<"2.17.1">>},2},
 {<<"datastar">>,
  {git,"https://github.com/Taure/datastar.git",
       {ref,"fcc11f399294b305620a7c99ed633b898ce3889b"}},
  0},
 {<<"datastar_nova">>,
  {git,"https://github.com/Taure/datastar_nova.git",
       {ref,"1671bbaa231990610cb7e2fec16e8c3d4e41cb5d"}},
  0},
 {<<"erlydtl">>,{pkg,<<"erlydtl">>,<<"0.14.0">>},1},
 {<<"jhn_stdlib">>,{pkg,<<"jhn_stdlib">>,<<"5.11.2">>},1},
 {<<"kura">>,
  {git,"https://github.com/Taure/kura.git",
       {ref,"fdb1abc5fdc0cc48c34b7d33fd8e0d6748c4a7d1"}},
  0},
 {<<"kura_postgres">>,
  {git,"https://github.com/Taure/kura_postgres.git",
       {ref,"30651b35986bda5fc84d89fc141936cb70b636ab"}},
  0},
 {<<"nova">>,{pkg,<<"nova">>,<<"0.14.3">>},0},
 {<<"opentelemetry_api">>,{pkg,<<"opentelemetry_api">>,<<"1.5.0">>},2},
 {<<"pg_types">>,{pkg,<<"pg_types">>,<<"0.6.0">>},2},
 {<<"pgo">>,{pkg,<<"pgo">>,<<"0.20.0">>},1},
 {<<"ranch">>,{pkg,<<"ranch">>,<<"2.2.0">>},2},
 {<<"routing_tree">>,{pkg,<<"routing_tree">>,<<"1.0.11">>},1},
 {<<"telemetry">>,{pkg,<<"telemetry">>,<<"1.4.2">>},1},
 {<<"thoas">>,{pkg,<<"thoas">>,<<"1.2.1">>},1}]}.
[
{pkg_hash,[
 {<<"backoff">>, <<"83B72ED2108BA1EE8F7D1C22E0B4A00CFE3593A67DBC792799E8CCE9F42F796B">>},
 {<<"cowboy">>, <<"9CFE86ED7117BF045E10ADBEDB0170AF7BE57F2A3637E7BE143433D8DD267396">>},
 {<<"cowlib">>, <<"3E6053016D1AB245730F0AF688755476DCEDB1C25ED8FB5751F59A2BFDC0C9AF">>},
 {<<"erlydtl">>, <<"964B2DC84F8C17ACFAA69C59BA129EF26AC45D2BA898C3C6AD9B5BDC8BA13CED">>},
 {<<"jhn_stdlib">>, <<"785074F3CA368EAA8E9AF1592BC19AE9EF1F7AF30B2CD6456A6083173A8F5CCB">>},
 {<<"nova">>, <<"2F08F11162A871CB1AA361BFEFE66D945F3284243F7EA6582AD8CA709BAFE2F3">>},
 {<<"opentelemetry_api">>, <<"1A676F3E3340CAB81C763E939A42E11A70C22863F645AA06AAFEFC689B5550CF">>},
 {<<"pg_types">>, <<"B530C56330A59288BE49CDD27739EC025B6E877A475AE70BF95B04F1E3A817C4">>},
 {<<"pgo">>, <<"4F4A1FCB0A4894311BE238195BDAD4DF80312AB091DB87FE5348FAFA4DA75F87">>},
 {<<"ranch">>, <<"25528F82BC8D7C6152C57666CA99EC716510FE0925CB188172F41CE93117B1B0">>},
 {<<"routing_tree">>, <<"72ACEF2095F0EC804F7AFD07EF781DDE5009425A1CA0A28F0706B1DB334A4812">>},
 {<<"telemetry">>, <<"A0CB522801DFFB1C49FE6E30561BADFFC7B6D0E180DB1300DF759FAA22062855">>},
 {<<"thoas">>, <<"19A25F31177A17E74004D4840F66D791D4298C5738790FA2CC73731EB911F195">>}]},
{pkg_hash_ext,[
 {<<"backoff">>, <<"CF0CFFF8995FB20562F822E5CC47D8CCF664C5ECDC26A684CBE85C225F9D7C39">>},
 {<<"cowboy">>, <<"179FB65140FB440A17B767AD53B755081506F9596C4DB5C49C0396D8C8643668">>},
 {<<"cowlib">>, <<"FF08BD17E6DD931445B18AF77315B9B5FE052407110964AD2588C686B57B5E3F">>},
 {<<"erlydtl">>, <<"D80EC044CD8F58809C19D29AC5605BE09E955040911B644505E31E9DD8143431">>},
 {<<"jhn_stdlib">>, <<"2329CD16DEE46704AAB6184D09508E59DBA31C4D3255271DBB7D34D115ECA508">>},
 {<<"nova">>, <<"D35D0CEF073749958D2E7E446DED07354F5A3A6B96A31009A2E89D382BE72EF4">>},
 {<<"opentelemetry_api">>, <<"F53EC8A1337AE4A487D43AC89DA4BD3A3C99DDF576655D071DEED8B56A2D5DDA">>},
 {<<"pg_types">>, <<"9949A4849DD13408FA249AB7B745E0D2DFDB9532AEE2B9722326E33CD082A778">>},
 {<<"pgo">>, <<"2F11E6649CEB38E569EF56B16BE1D04874AE5B11A02867080A2817CE423C683B">>},
 {<<"ranch">>, <<"FA0B99A1780C80218A4197A59EA8D3BDAE32FBFF7E88527D7D8A4787EFF4F8E7">>},
 {<<"routing_tree">>, <<"85982C7AC502892C5179CD2A591331003BACD2D2A71723640BA7D23F45408E6E">>},
 {<<"telemetry">>, <<"928F6495066506077862C0D1646609EED891A4326BEE3126BA54B60AF61FEBB1">>},
 {<<"thoas">>, <<"E38697EDFFD6E91BD12CEA41B155115282630075C2A727E7A6B2947F5408B86A">>}]}
].
