{"1.2.0",
[{<<"backoff">>,{pkg,<<"backoff">>,<<"1.1.6">>},1},
 {<<"cowboy">>,{pkg,<<"cowboy">>,<<"2.10.0">>},1},
 {<<"cowlib">>,{pkg,<<"cowlib">>,<<"2.12.1">>},2},
 {<<"erlydtl">>,{pkg,<<"erlydtl">>,<<"0.14.0">>},1},
 {<<"jhn_stdlib">>,{pkg,<<"jhn_stdlib">>,<<"3.6.2">>},1},
 {<<"nova">>,
  {git,"https://github.com/novaframework/nova.git",
       {ref,"b5d03d3bdcafb51e0aa2e51ed34ae9dfe1681e7e"}},
  0},
 {<<"pg_types">>,
  {git,"https://github.com/tsloughter/pg_types.git",
       {ref,"6185ed2e015b573c3decaee5caffd6c719495e14"}},
  1},
 {<<"pgo">>,
  {git,"https://github.com/erleans/pgo.git",
       {ref,"6bbd5478ac08ae184cdd8f2331ff81fd94b66610"}},
  0},
 {<<"pmod_transform">>,{pkg,<<"pmod_transform">>,<<"1.1.0">>},1},
 {<<"quickrand">>,{pkg,<<"quickrand">>,<<"2.0.5">>},2},
 {<<"ranch">>,{pkg,<<"ranch">>,<<"1.8.0">>},2},
 {<<"routing_tree">>,{pkg,<<"routing_tree">>,<<"1.0.6">>},1},
 {<<"telemetry">>,{pkg,<<"telemetry">>,<<"0.4.0">>},1},
 {<<"thoas">>,{pkg,<<"thoas">>,<<"0.4.0">>},1},
 {<<"uuid">>,{pkg,<<"uuid_erl">>,<<"2.0.5">>},1}]}.
[
{pkg_hash,[
 {<<"backoff">>, <<"83B72ED2108BA1EE8F7D1C22E0B4A00CFE3593A67DBC792799E8CCE9F42F796B">>},
 {<<"cowboy">>, <<"FF9FFEFF91DAE4AE270DD975642997AFE2A1179D94B1887863E43F681A203E26">>},
 {<<"cowlib">>, <<"A9FA9A625F1D2025FE6B462CB865881329B5CAFF8F1854D1CBC9F9533F00E1E1">>},
 {<<"erlydtl">>, <<"964B2DC84F8C17ACFAA69C59BA129EF26AC45D2BA898C3C6AD9B5BDC8BA13CED">>},
 {<<"jhn_stdlib">>, <<"DBF19025FB1CCD7BEDCD19DC655A29618AA5943505DFE707C562E25F69C56BAA">>},
 {<<"pmod_transform">>, <<"A3A4FA607B947C90410BC459DCA27F6B60D25D1588D568280F7276AC8767E106">>},
 {<<"quickrand">>, <<"06FCAD85CB47D5C85C51D6BC9C84A082501BA098A89D64AD0A2F69599E034C04">>},
 {<<"ranch">>, <<"8C7A100A139FD57F17327B6413E4167AC559FBC04CA7448E9BE9057311597A1D">>},
 {<<"routing_tree">>, <<"D565314CC3170DE52D534ECC77E7EB9146E8B6D6B3FDC17E01F24B8A360B4364">>},
 {<<"telemetry">>, <<"8339BEE3FA8B91CB84D14C2935F8ECF399CCD87301AD6DA6B71C09553834B2AB">>},
 {<<"thoas">>, <<"86A72CCDC5EC388A13F9F843BCD6C1076640233B95440E47FFB8E3C0DBDB5A17">>},
 {<<"uuid">>, <<"60FAEEB7EDFD40847ED13CB0DD1044BAABE4E79A00C0CA9C4D13A073914B1016">>}]},
{pkg_hash_ext,[
 {<<"backoff">>, <<"CF0CFFF8995FB20562F822E5CC47D8CCF664C5ECDC26A684CBE85C225F9D7C39">>},
 {<<"cowboy">>, <<"3AFDCCB7183CC6F143CB14D3CF51FA00E53DB9EC80CDCD525482F5E99BC41D6B">>},
 {<<"cowlib">>, <<"163B73F6367A7341B33C794C4E88E7DBFE6498AC42DCD69EF44C5BC5507C8DB0">>},
 {<<"erlydtl">>, <<"D80EC044CD8F58809C19D29AC5605BE09E955040911B644505E31E9DD8143431">>},
 {<<"jhn_stdlib">>, <<"C6F6AE9BC636B0011ABA7B4DACAFF549C0B5CFB58229EBD09959B77391F6ED47">>},
 {<<"pmod_transform">>, <<"68C7FF7354C0D837681990D093D367FCC617C32570A1009B8E7ACFF6445499AA">>},
 {<<"quickrand">>, <<"252CF0493570EBF1A58985CB71990982CDDCD4396B6427F1E10CF58924C1C052">>},
 {<<"ranch">>, <<"49FBCFD3682FAB1F5D109351B61257676DA1A2FDBE295904176D5E521A2DDFE5">>},
 {<<"routing_tree">>, <<"49EADC682FCD8F1061272A77306E334716EAEA24E5F36AF118CB3A21A802BFAE">>},
 {<<"telemetry">>, <<"E9E3CACFD37C1531C0CA70CA7C0C30CE2DBB02998A4F7719DE180FE63F8D41E4">>},
 {<<"thoas">>, <<"442296847ACA11DB8D25180693D7CA3073D6D7179F66952F07B16415306513B6">>},
 {<<"uuid">>, <<"E54373262CA88401689277947C54B95E9ECBC977BD5C57C9DD44AD9DA278E360">>}]}
].
